
Microsoft Visual Studio Solution File, Format Version 12.00
# Visual Studio Version 17
VisualStudioVersion = 17.5.33516.290
MinimumVisualStudioVersion = 10.0.40219.1
Project("{2150E333-8FDC-42A3-9474-1A3956D46DE8}") = "src", "src", "{33B86A8D-3E08-4067-A110-2448E896293D}"
EndProject
Project("{2150E333-8FDC-42A3-9474-1A3956D46DE8}") = "tests", "tests", "{A6D4106A-C2F9-4271-AC25-D31D3C21854D}"
EndProject
Project("{2150E333-8FDC-42A3-9474-1A3956D46DE8}") = "API", "API", "{7544570D-AE82-488E-9844-43B0AB146E47}"
EndProject
Project("{2150E333-8FDC-42A3-9474-1A3956D46DE8}") = "Core", "Core", "{7ECC9CD9-E2CE-4E4F-A186-121D5B79C4FA}"
EndProject
Project("{2150E333-8FDC-42A3-9474-1A3956D46DE8}") = "Infrastructure", "Infrastructure", "{F09E6F72-762C-4CC4-8CDE-91694754C043}"
EndProject
Project("{2150E333-8FDC-42A3-9474-1A3956D46DE8}") = "UI", "UI", "{0420A60F-C7C4-4D78-A688-091287EAB53A}"
EndProject
Project("{9A19103F-16F7-4668-BE54-9A1E7A4F7556}") = "Domain", "Domain\Domain.csproj", "{7C6B5E71-335A-4E52-8CCE-F636ADE2E779}"
EndProject
Project("{9A19103F-16F7-4668-BE54-9A1E7A4F7556}") = "Application", "Application\Application.csproj", "{66837707-86A2-44E7-9A58-FBECFE7A4337}"
EndProject
Project("{9A19103F-16F7-4668-BE54-9A1E7A4F7556}") = "Persistence", "Persistence\Persistence.csproj", "{2571B82D-EC5C-49D1-992F-10C1D981F752}"
EndProject
Project("{9A19103F-16F7-4668-BE54-9A1E7A4F7556}") = "Infrastructure", "Infrastructure\Infrastructure.csproj", "{E0873F37-6441-49C8-9629-0737856CB1DE}"
EndProject
Project("{FAE04EC0-301F-11D3-BF4B-00C04F79EFBC}") = "API", "API\API\API.csproj", "{38751B61-C9C9-4229-9CC3-6A237431049E}"
EndProject
Global
	GlobalSection(SolutionConfigurationPlatforms) = preSolution
		Debug|Any CPU = Debug|Any CPU
		Release|Any CPU = Release|Any CPU
	EndGlobalSection
	GlobalSection(ProjectConfigurationPlatforms) = postSolution
		{7C6B5E71-335A-4E52-8CCE-F636ADE2E779}.Debug|Any CPU.ActiveCfg = Debug|Any CPU
		{7C6B5E71-335A-4E52-8CCE-F636ADE2E779}.Debug|Any CPU.Build.0 = Debug|Any CPU
		{7C6B5E71-335A-4E52-8CCE-F636ADE2E779}.Release|Any CPU.ActiveCfg = Release|Any CPU
		{7C6B5E71-335A-4E52-8CCE-F636ADE2E779}.Release|Any CPU.Build.0 = Release|Any CPU
		{66837707-86A2-44E7-9A58-FBECFE7A4337}.Debug|Any CPU.ActiveCfg = Debug|Any CPU
		{66837707-86A2-44E7-9A58-FBECFE7A4337}.Debug|Any CPU.Build.0 = Debug|Any CPU
		{66837707-86A2-44E7-9A58-FBECFE7A4337}.Release|Any CPU.ActiveCfg = Release|Any CPU
		{66837707-86A2-44E7-9A58-FBECFE7A4337}.Release|Any CPU.Build.0 = Release|Any CPU
		{2571B82D-EC5C-49D1-992F-10C1D981F752}.Debug|Any CPU.ActiveCfg = Debug|Any CPU
		{2571B82D-EC5C-49D1-992F-10C1D981F752}.Debug|Any CPU.Build.0 = Debug|Any CPU
		{2571B82D-EC5C-49D1-992F-10C1D981F752}.Release|Any CPU.ActiveCfg = Release|Any CPU
		{2571B82D-EC5C-49D1-992F-10C1D981F752}.Release|Any CPU.Build.0 = Release|Any CPU
		{E0873F37-6441-49C8-9629-0737856CB1DE}.Debug|Any CPU.ActiveCfg = Debug|Any CPU
		{E0873F37-6441-49C8-9629-0737856CB1DE}.Debug|Any CPU.Build.0 = Debug|Any CPU
		{E0873F37-6441-49C8-9629-0737856CB1DE}.Release|Any CPU.ActiveCfg = Release|Any CPU
		{E0873F37-6441-49C8-9629-0737856CB1DE}.Release|Any CPU.Build.0 = Release|Any CPU
		{38751B61-C9C9-4229-9CC3-6A237431049E}.Debug|Any CPU.ActiveCfg = Debug|Any CPU
		{38751B61-C9C9-4229-9CC3-6A237431049E}.Debug|Any CPU.Build.0 = Debug|Any CPU
		{38751B61-C9C9-4229-9CC3-6A237431049E}.Release|Any CPU.ActiveCfg = Release|Any CPU
		{38751B61-C9C9-4229-9CC3-6A237431049E}.Release|Any CPU.Build.0 = Release|Any CPU
	EndGlobalSection
	GlobalSection(SolutionProperties) = preSolution
		HideSolutionNode = FALSE
	EndGlobalSection
	GlobalSection(NestedProjects) = preSolution
		{7544570D-AE82-488E-9844-43B0AB146E47} = {33B86A8D-3E08-4067-A110-2448E896293D}
		{7ECC9CD9-E2CE-4E4F-A186-121D5B79C4FA} = {33B86A8D-3E08-4067-A110-2448E896293D}
		{F09E6F72-762C-4CC4-8CDE-91694754C043} = {33B86A8D-3E08-4067-A110-2448E896293D}
		{0420A60F-C7C4-4D78-A688-091287EAB53A} = {33B86A8D-3E08-4067-A110-2448E896293D}
		{7C6B5E71-335A-4E52-8CCE-F636ADE2E779} = {7ECC9CD9-E2CE-4E4F-A186-121D5B79C4FA}
		{66837707-86A2-44E7-9A58-FBECFE7A4337} = {7ECC9CD9-E2CE-4E4F-A186-121D5B79C4FA}
		{2571B82D-EC5C-49D1-992F-10C1D981F752} = {F09E6F72-762C-4CC4-8CDE-91694754C043}
		{E0873F37-6441-49C8-9629-0737856CB1DE} = {F09E6F72-762C-4CC4-8CDE-91694754C043}
		{38751B61-C9C9-4229-9CC3-6A237431049E} = {7544570D-AE82-488E-9844-43B0AB146E47}
	EndGlobalSection
	GlobalSection(ExtensibilityGlobals) = postSolution
		SolutionGuid = {927B8C92-B309-479A-89D3-55F1BE4830F4}
	EndGlobalSection
EndGlobal
